PODS:
  - connectivity_plus (0.0.1):
    - Flutter
    - ReachabilitySwift
  - external_app_launcher (0.0.1):
    - Flutter
  - Flutter (1.0.0)
  - flutter_aes_ecb_pkcs5 (0.0.1):
    - Flutter
  - flutter_inappwebview (0.0.1):
    - Flutter
    - flutter_inappwebview/Core (= 0.0.1)
    - OrderedSet (~> 5.0)
  - flutter_inappwebview/Core (0.0.1):
    - Flutter
    - OrderedSet (~> 5.0)
  - flutter_native_splash (0.0.1):
    - Flutter
  - flutter_screenshot_switcher (0.0.1):
    - Flutter
  - flutter_secure_storage (3.3.1):
    - Flutter
  - fluttercontactpicker (4.6.0):
    - Flutter
  - fluttertoast (0.0.2):
    - Flutter
    - Toast
  - FMDB (2.7.5):
    - FMDB/standard (= 2.7.5)
  - FMDB/standard (2.7.5)
  - geocoding (1.0.5):
    - Flutter
  - geolocator_apple (1.2.0):
    - Flutter
  - GoogleDataTransport (9.2.0):
    - GoogleUtilities/Environment (~> 7.7)
    - nanopb (< 2.30910.0, >= 2.30908.0)
    - PromisesObjC (< 3.0, >= 1.2)
  - GoogleMLKit/BarcodeScanning (2.6.0):
    - GoogleMLKit/MLKitCore
    - MLKitBarcodeScanning (~> 1.7.0)
  - GoogleMLKit/MLKitCore (2.6.0):
    - MLKitCommon (~> 5.0.0)
  - GoogleToolboxForMac/DebugUtils (2.3.2):
    - GoogleToolboxForMac/Defines (= 2.3.2)
  - GoogleToolboxForMac/Defines (2.3.2)
  - GoogleToolboxForMac/Logger (2.3.2):
    - GoogleToolboxForMac/Defines (= 2.3.2)
  - "GoogleToolboxForMac/NSData+zlib (2.3.2)":
    - GoogleToolboxForMac/Defines (= 2.3.2)
  - "GoogleToolboxForMac/NSDictionary+URLArguments (2.3.2)":
    - GoogleToolboxForMac/DebugUtils (= 2.3.2)
    - GoogleToolboxForMac/Defines (= 2.3.2)
    - "GoogleToolboxForMac/NSString+URLArguments (= 2.3.2)"
  - "GoogleToolboxForMac/NSString+URLArguments (2.3.2)"
  - GoogleUtilities/Environment (7.8.0):
    - PromisesObjC (< 3.0, >= 1.2)
  - GoogleUtilities/Logger (7.8.0):
    - GoogleUtilities/Environment
  - GoogleUtilities/UserDefaults (7.8.0):
    - GoogleUtilities/Logger
  - GoogleUtilitiesComponents (1.1.0):
    - GoogleUtilities/Logger
  - GTMSessionFetcher/Core (1.7.2)
  - image_picker_ios (0.0.1):
    - Flutter
  - libphonenumber (0.0.1):
    - Flutter
    - libPhoneNumber-iOS
  - libPhoneNumber-iOS (0.9.15)
  - libphonenumber_plugin (0.0.1):
    - Flutter
    - libphonenumber
    - libPhoneNumber-iOS
  - local_auth_ios (0.0.1):
    - Flutter
  - MLImage (1.0.0-beta2)
  - MLKitBarcodeScanning (1.7.0):
    - MLKitCommon (~> 5.0)
    - MLKitVision (~> 3.0)
  - MLKitCommon (5.0.0):
    - GoogleDataTransport (~> 9.0)
    - GoogleToolboxForMac/Logger (~> 2.1)
    - "GoogleToolboxForMac/NSData+zlib (~> 2.1)"
    - "GoogleToolboxForMac/NSDictionary+URLArguments (~> 2.1)"
    - GoogleUtilities/UserDefaults (~> 7.0)
    - GoogleUtilitiesComponents (~> 1.0)
    - GTMSessionFetcher/Core (~> 1.1)
    - Protobuf (~> 3.12)
  - MLKitVision (3.0.0):
    - GoogleToolboxForMac/Logger (~> 2.1)
    - "GoogleToolboxForMac/NSData+zlib (~> 2.1)"
    - GTMSessionFetcher/Core (~> 1.1)
    - MLImage (= 1.0.0-beta2)
    - MLKitCommon (~> 5.0)
    - Protobuf (~> 3.12)
  - mobile_scanner (0.0.1):
    - Flutter
    - GoogleMLKit/BarcodeScanning (~> 2.6.0)
  - MTBBarcodeScanner (5.0.11)
  - nanopb (2.30909.0):
    - nanopb/decode (= 2.30909.0)
    - nanopb/encode (= 2.30909.0)
  - nanopb/decode (2.30909.0)
  - nanopb/encode (2.30909.0)
  - OrderedSet (5.0.0)
  - package_info_plus (0.4.5):
    - Flutter
  - path_provider_ios (0.0.1):
    - Flutter
  - permission_handler_apple (9.0.4):
    - Flutter
  - PromisesObjC (2.1.1)
  - Protobuf (3.21.7)
  - qr_code_scanner (0.2.0):
    - Flutter
    - MTBBarcodeScanner
  - ReachabilitySwift (5.0.0)
  - share_plus (0.0.1):
    - Flutter
  - shared_preferences_ios (0.0.1):
    - Flutter
  - smart_auth (0.0.1):
    - Flutter
  - sqflite (0.0.2):
    - Flutter
    - FMDB (>= 2.7.5)
  - store_redirect (0.0.1):
    - Flutter
  - Toast (4.0.0)
  - url_launcher_ios (0.0.1):
    - Flutter
  - vibration (1.7.5):
    - Flutter
  - webview_flutter_wkwebview (0.0.1):
    - Flutter

DEPENDENCIES:
  - connectivity_plus (from `.symlinks/plugins/connectivity_plus/ios`)
  - external_app_launcher (from `.symlinks/plugins/external_app_launcher/ios`)
  - Flutter (from `Flutter`)
  - flutter_aes_ecb_pkcs5 (from `.symlinks/plugins/flutter_aes_ecb_pkcs5/ios`)
  - flutter_inappwebview (from `.symlinks/plugins/flutter_inappwebview/ios`)
  - flutter_native_splash (from `.symlinks/plugins/flutter_native_splash/ios`)
  - flutter_screenshot_switcher (from `.symlinks/plugins/flutter_screenshot_switcher/ios`)
  - flutter_secure_storage (from `.symlinks/plugins/flutter_secure_storage/ios`)
  - fluttercontactpicker (from `.symlinks/plugins/fluttercontactpicker/ios`)
  - fluttertoast (from `.symlinks/plugins/fluttertoast/ios`)
  - geocoding (from `.symlinks/plugins/geocoding/ios`)
  - geolocator_apple (from `.symlinks/plugins/geolocator_apple/ios`)
  - image_picker_ios (from `.symlinks/plugins/image_picker_ios/ios`)
  - libphonenumber (from `.symlinks/plugins/libphonenumber/ios`)
  - libphonenumber_plugin (from `.symlinks/plugins/libphonenumber_plugin/ios`)
  - local_auth_ios (from `.symlinks/plugins/local_auth_ios/ios`)
  - mobile_scanner (from `.symlinks/plugins/mobile_scanner/ios`)
  - package_info_plus (from `.symlinks/plugins/package_info_plus/ios`)
  - path_provider_ios (from `.symlinks/plugins/path_provider_ios/ios`)
  - permission_handler_apple (from `.symlinks/plugins/permission_handler_apple/ios`)
  - qr_code_scanner (from `.symlinks/plugins/qr_code_scanner/ios`)
  - share_plus (from `.symlinks/plugins/share_plus/ios`)
  - shared_preferences_ios (from `.symlinks/plugins/shared_preferences_ios/ios`)
  - smart_auth (from `.symlinks/plugins/smart_auth/ios`)
  - sqflite (from `.symlinks/plugins/sqflite/ios`)
  - store_redirect (from `.symlinks/plugins/store_redirect/ios`)
  - url_launcher_ios (from `.symlinks/plugins/url_launcher_ios/ios`)
  - vibration (from `.symlinks/plugins/vibration/ios`)
  - webview_flutter_wkwebview (from `.symlinks/plugins/webview_flutter_wkwebview/ios`)

SPEC REPOS:
  trunk:
    - FMDB
    - GoogleDataTransport
    - GoogleMLKit
    - GoogleToolboxForMac
    - GoogleUtilities
    - GoogleUtilitiesComponents
    - GTMSessionFetcher
    - libPhoneNumber-iOS
    - MLImage
    - MLKitBarcodeScanning
    - MLKitCommon
    - MLKitVision
    - MTBBarcodeScanner
    - nanopb
    - OrderedSet
    - PromisesObjC
    - Protobuf
    - ReachabilitySwift
    - Toast

EXTERNAL SOURCES:
  connectivity_plus:
    :path: ".symlinks/plugins/connectivity_plus/ios"
  external_app_launcher:
    :path: ".symlinks/plugins/external_app_launcher/ios"
  Flutter:
    :path: Flutter
  flutter_aes_ecb_pkcs5:
    :path: ".symlinks/plugins/flutter_aes_ecb_pkcs5/ios"
  flutter_inappwebview:
    :path: ".symlinks/plugins/flutter_inappwebview/ios"
  flutter_native_splash:
    :path: ".symlinks/plugins/flutter_native_splash/ios"
  flutter_screenshot_switcher:
    :path: ".symlinks/plugins/flutter_screenshot_switcher/ios"
  flutter_secure_storage:
    :path: ".symlinks/plugins/flutter_secure_storage/ios"
  fluttercontactpicker:
    :path: ".symlinks/plugins/fluttercontactpicker/ios"
  fluttertoast:
    :path: ".symlinks/plugins/fluttertoast/ios"
  geocoding:
    :path: ".symlinks/plugins/geocoding/ios"
  geolocator_apple:
    :path: ".symlinks/plugins/geolocator_apple/ios"
  image_picker_ios:
    :path: ".symlinks/plugins/image_picker_ios/ios"
  libphonenumber:
    :path: ".symlinks/plugins/libphonenumber/ios"
  libphonenumber_plugin:
    :path: ".symlinks/plugins/libphonenumber_plugin/ios"
  local_auth_ios:
    :path: ".symlinks/plugins/local_auth_ios/ios"
  mobile_scanner:
    :path: ".symlinks/plugins/mobile_scanner/ios"
  package_info_plus:
    :path: ".symlinks/plugins/package_info_plus/ios"
  path_provider_ios:
    :path: ".symlinks/plugins/path_provider_ios/ios"
  permission_handler_apple:
    :path: ".symlinks/plugins/permission_handler_apple/ios"
  qr_code_scanner:
    :path: ".symlinks/plugins/qr_code_scanner/ios"
  share_plus:
    :path: ".symlinks/plugins/share_plus/ios"
  shared_preferences_ios:
    :path: ".symlinks/plugins/shared_preferences_ios/ios"
  smart_auth:
    :path: ".symlinks/plugins/smart_auth/ios"
  sqflite:
    :path: ".symlinks/plugins/sqflite/ios"
  store_redirect:
    :path: ".symlinks/plugins/store_redirect/ios"
  url_launcher_ios:
    :path: ".symlinks/plugins/url_launcher_ios/ios"
  vibration:
    :path: ".symlinks/plugins/vibration/ios"
  webview_flutter_wkwebview:
    :path: ".symlinks/plugins/webview_flutter_wkwebview/ios"

SPEC CHECKSUMS:
  connectivity_plus: 413a8857dd5d9f1c399a39130850d02fe0feaf7e
  external_app_launcher: ad55ac844aa21f2d2197d7cec58ff0d0dc40bbc0
  Flutter: f04841e97a9d0b0a8025694d0796dd46242b2854
  flutter_aes_ecb_pkcs5: fb682a7bb13f29cfbb33f88f7e1ed2211eacf5db
  flutter_inappwebview: bfd58618f49dc62f2676de690fc6dcda1d6c3721
  flutter_native_splash: 52501b97d1c0a5f898d687f1646226c1f93c56ef
  flutter_screenshot_switcher: 1ca39888613b875edad8542327a1db4c61069025
  flutter_secure_storage: 7953c38a04c3fdbb00571bcd87d8e3b5ceb9daec
  fluttercontactpicker: d582836dea6b5d489f3d259f35d7817ae82ee5e6
  fluttertoast: 74526702fea2c060ea55dde75895b7e1bde1c86b
  FMDB: 2ce00b547f966261cd18927a3ddb07cb6f3db82a
  geocoding: 32cfcdb16d38d907caaba65e2e42ad10d38bee58
  geolocator_apple: cc556e6844d508c95df1e87e3ea6fa4e58c50401
  GoogleDataTransport: 1c8145da7117bd68bbbed00cf304edb6a24de00f
  GoogleMLKit: 755661c46990a85e42278015f26400286d98ad95
  GoogleToolboxForMac: 8bef7c7c5cf7291c687cf5354f39f9db6399ad34
  GoogleUtilities: 1d20a6ad97ef46f67bbdec158ce00563a671ebb7
  GoogleUtilitiesComponents: 679b2c881db3b615a2777504623df6122dd20afe
  GTMSessionFetcher: 5595ec75acf5be50814f81e9189490412bad82ba
  image_picker_ios: b786a5dcf033a8336a657191401bfdf12017dabb
  libphonenumber: bd14d5abfc5939ab0b0767234e2d8e2593af258e
  libPhoneNumber-iOS: 0a32a9525cf8744fe02c5206eb30d571e38f7d75
  libphonenumber_plugin: 7cf755ad1656145935d6c208173a476bd3f12898
  local_auth_ios: 0d333dde7780f669e66f19d2ff6005f3ea84008d
  MLImage: a454f9f8ecfd537783a12f9488f5be1a68820829
  MLKitBarcodeScanning: b8257854f6afc1c8443d61ec6b98c28b35625df6
  MLKitCommon: 3bc17c6f7d25ce3660f030350b46ae7ec9ebca6e
  MLKitVision: e87dc3f2e456a6ab32361ebd985e078dd2746143
  mobile_scanner: 073e39c0c96360297389f4db68e4297a1fa58349
  MTBBarcodeScanner: f453b33c4b7dfe545d8c6484ed744d55671788cb
  nanopb: b552cce312b6c8484180ef47159bc0f65a1f0431
  OrderedSet: aaeb196f7fef5a9edf55d89760da9176ad40b93c
  package_info_plus: 6c92f08e1f853dc01228d6f553146438dafcd14e
  path_provider_ios: 14f3d2fd28c4fdb42f44e0f751d12861c43cee02
  permission_handler_apple: 44366e37eaf29454a1e7b1b7d736c2cceaeb17ce
  PromisesObjC: ab77feca74fa2823e7af4249b8326368e61014cb
  Protobuf: f4128517d7a42302e106cc3afe614ee3a7513e94
  qr_code_scanner: bb67d64904c3b9658ada8c402e8b4d406d5d796e
  ReachabilitySwift: 985039c6f7b23a1da463388634119492ff86c825
  share_plus: 056a1e8ac890df3e33cb503afffaf1e9b4fbae68
  shared_preferences_ios: 548a61f8053b9b8a49ac19c1ffbc8b92c50d68ad
  smart_auth: 4bedbc118723912d0e45a07e8ab34039c19e04f2
  sqflite: 6d358c025f5b867b29ed92fc697fd34924e11904
  store_redirect: 2977747cf81689a39bd62c248c2deacb7a0d131e
  Toast: 91b396c56ee72a5790816f40d3a94dd357abc196
  url_launcher_ios: 839c58cdb4279282219f5e248c3321761ff3c4de
  vibration: 7d883d141656a1c1a6d8d238616b2042a51a1241
  webview_flutter_wkwebview: b7e70ef1ddded7e69c796c7390ee74180182971f

PODFILE CHECKSUM: 775997f741c536251164e3eacf6e34abf2eb7a17

COCOAPODS: 1.11.3
